
Microsoft Visual Studio Solution File, Format Version 12.00
# Visual Studio Version 17
VisualStudioVersion = 17.7.34031.279
MinimumVisualStudioVersion = 10.0.40219.1
Project("{FAE04EC0-301F-11D3-BF4B-00C04F79EFBC}") = "myFirst", "myFirst\myFirst.csproj", "{9BB15571-4D49-4AF5-AF84-786F3E5B764B}"
EndProject
Global
	GlobalSection(SolutionConfigurationPlatforms) = preSolution
		Debug|Any CPU = Debug|Any CPU
		Release|Any CPU = Release|Any CPU
	EndGlobalSection
	GlobalSection(ProjectConfigurationPlatforms) = postSolution
		{9BB15571-4D49-4AF5-AF84-786F3E5B764B}.Debug|Any CPU.ActiveCfg = Debug|Any CPU
		{9BB15571-4D49-4AF5-AF84-786F3E5B764B}.Debug|Any CPU.Build.0 = Debug|Any CPU
		{9BB15571-4D49-4AF5-AF84-786F3E5B764B}.Release|Any CPU.ActiveCfg = Release|Any CPU
		{9BB15571-4D49-4AF5-AF84-786F3E5B764B}.Release|Any CPU.Build.0 = Release|Any CPU
	EndGlobalSection
	GlobalSection(SolutionProperties) = preSolution
		HideSolutionNode = FALSE
	EndGlobalSection
	GlobalSection(ExtensibilityGlobals) = postSolution
		SolutionGuid = {3D6BDC58-57BD-45BE-838B-63750A13DB8A}
	EndGlobalSection
EndGlobal
